{
  "name": "java-bookstore-cds",
  "version": "1.0.0",
  "lockfileVersion": 3,
  "requires": true,
  "packages": {
    "": {
      "name": "java-bookstore-cds",
      "version": "1.0.0",
      "license": "ISC",
      "dependencies": {
        "@sap/capire-products": "file:sap-capire-products-1.0.0.tgz"
      }
    },
    "node_modules/@sap/capire-products": {
      "version": "1.0.0",
      "resolved": "file:sap-capire-products-1.0.0.tgz",
      "integrity": "sha512-zpYIPjyXZjfxswHHjsZDjgqiPyy36OSPm7RAezjqlxKlpvod+cATah045RNpO/KqV0HLoJimATnw+YTCbmmZ2g=="
    }
  }
}
